// !$*UTF8*$!
{
	archiveVersion = 1;
	classes = {
	};
	objectVersion = 46;
	objects = {

/* Begin PBXBuildFile section */
		221B2EE0187D299900F53686 /* Foundation.framework in Frameworks */ = {isa = PBXBuildFile; fileRef = 221B2EDF187D299900F53686 /* Foundation.framework */; };
		221B2EE2187D299900F53686 /* CoreGraphics.framework in Frameworks */ = {isa = PBXBuildFile; fileRef = 221B2EE1187D299900F53686 /* CoreGraphics.framework */; };
		221B2EE4187D299900F53686 /* UIKit.framework in Frameworks */ = {isa = PBXBuildFile; fileRef = 221B2EE3187D299900F53686 /* UIKit.framework */; };
		221B2EEA187D299900F53686 /* InfoPlist.strings in Resources */ = {isa = PBXBuildFile; fileRef = 221B2EE8187D299900F53686 /* InfoPlist.strings */; };
		221B2EEC187D299900F53686 /* main.m in Sources */ = {isa = PBXBuildFile; fileRef = 221B2EEB187D299900F53686 /* main.m */; };
		221B2EF0187D299900F53686 /* AppDelegate.m in Sources */ = {isa = PBXBuildFile; fileRef = 221B2EEF187D299900F53686 /* AppDelegate.m */; };
		221B2EF3187D299900F53686 /* Main.storyboard in Resources */ = {isa = PBXBuildFile; fileRef = 221B2EF1187D299900F53686 /* Main.storyboard */; };
		221B2EF6187D299900F53686 /* ViewController.m in Sources */ = {isa = PBXBuildFile; fileRef = 221B2EF5187D299900F53686 /* ViewController.m */; };
		221B2EF8187D299900F53686 /* Images.xcassets in Resources */ = {isa = PBXBuildFile; fileRef = 221B2EF7187D299900F53686 /* Images.xcassets */; };
		221B2EFF187D299900F53686 /* XCTest.framework in Frameworks */ = {isa = PBXBuildFile; fileRef = 221B2EFE187D299900F53686 /* XCTest.framework */; };
		221B2F00187D299900F53686 /* Foundation.framework in Frameworks */ = {isa = PBXBuildFile; fileRef = 221B2EDF187D299900F53686 /* Foundation.framework */; };
		221B2F01187D299900F53686 /* UIKit.framework in Frameworks */ = {isa = PBXBuildFile; fileRef = 221B2EE3187D299900F53686 /* UIKit.framework */; };
		221FEF73187E00590099D405 /* bg.png in Resources */ = {isa = PBXBuildFile; fileRef = 221FEF72187E00590099D405 /* bg.png */; };
		226D0FDF187D333D000C9756 /* UIImage+ImageEffects.m in Sources */ = {isa = PBXBuildFile; fileRef = 226D0FDE187D333D000C9756 /* UIImage+ImageEffects.m */; };
		226D10C1187D396E000C9756 /* 1.jpg in Resources */ = {isa = PBXBuildFile; fileRef = 226D10A8187D396E000C9756 /* 1.jpg */; };
		226D10C2187D396E000C9756 /* 2.jpg in Resources */ = {isa = PBXBuildFile; fileRef = 226D10A9187D396E000C9756 /* 2.jpg */; };
		226D10C3187D396E000C9756 /* 3.jpg in Resources */ = {isa = PBXBuildFile; fileRef = 226D10AA187D396E000C9756 /* 3.jpg */; };
		226D10C4187D396E000C9756 /* 4.jpg in Resources */ = {isa = PBXBuildFile; fileRef = 226D10AB187D396E000C9756 /* 4.jpg */; };
		226D10C5187D396E000C9756 /* 5.jpg in Resources */ = {isa = PBXBuildFile; fileRef = 226D10AC187D396E000C9756 /* 5.jpg */; };
		226D10C6187D396E000C9756 /* 6.jpg in Resources */ = {isa = PBXBuildFile; fileRef = 226D10AD187D396E000C9756 /* 6.jpg */; };
		226D10C7187D396E000C9756 /* 7.jpg in Resources */ = {isa = PBXBuildFile; fileRef = 226D10AE187D396E000C9756 /* 7.jpg */; };
		226D10C8187D396E000C9756 /* 8.jpg in Resources */ = {isa = PBXBuildFile; fileRef = 226D10AF187D396E000C9756 /* 8.jpg */; };
		226D10C9187D396E000C9756 /* 9.jpg in Resources */ = {isa = PBXBuildFile; fileRef = 226D10B0187D396E000C9756 /* 9.jpg */; };
		226D10CA187D396E000C9756 /* 10.jpg in Resources */ = {isa = PBXBuildFile; fileRef = 226D10B1187D396E000C9756 /* 10.jpg */; };
		226D10CB187D396E000C9756 /* 11.jpg in Resources */ = {isa = PBXBuildFile; fileRef = 226D10B2187D396E000C9756 /* 11.jpg */; };
		226D10CC187D396E000C9756 /* 12.jpg in Resources */ = {isa = PBXBuildFile; fileRef = 226D10B3187D396E000C9756 /* 12.jpg */; };
		226D10CD187D396E000C9756 /* 13.jpg in Resources */ = {isa = PBXBuildFile; fileRef = 226D10B4187D396E000C9756 /* 13.jpg */; };
		226D10CE187D396E000C9756 /* 14.jpg in Resources */ = {isa = PBXBuildFile; fileRef = 226D10B5187D396E000C9756 /* 14.jpg */; };
		226D10CF187D396E000C9756 /* 15.jpg in Resources */ = {isa = PBXBuildFile; fileRef = 226D10B6187D396E000C9756 /* 15.jpg */; };
		226D10D0187D396E000C9756 /* 16.jpg in Resources */ = {isa = PBXBuildFile; fileRef = 226D10B7187D396E000C9756 /* 16.jpg */; };
		226D10D1187D396E000C9756 /* 17.jpg in Resources */ = {isa = PBXBuildFile; fileRef = 226D10B8187D396E000C9756 /* 17.jpg */; };
		226D10D2187D396E000C9756 /* 18.jpg in Resources */ = {isa = PBXBuildFile; fileRef = 226D10B9187D396E000C9756 /* 18.jpg */; };
		226D10D3187D396E000C9756 /* 19.jpg in Resources */ = {isa = PBXBuildFile; fileRef = 226D10BA187D396E000C9756 /* 19.jpg */; };
		226D10D4187D396E000C9756 /* 20.jpg in Resources */ = {isa = PBXBuildFile; fileRef = 226D10BB187D396E000C9756 /* 20.jpg */; };
		226D10D5187D396E000C9756 /* 21.jpg in Resources */ = {isa = PBXBuildFile; fileRef = 226D10BC187D396E000C9756 /* 21.jpg */; };
		226D10D6187D396E000C9756 /* 22.jpg in Resources */ = {isa = PBXBuildFile; fileRef = 226D10BD187D396E000C9756 /* 22.jpg */; };
		226D10D7187D396E000C9756 /* 23.jpg in Resources */ = {isa = PBXBuildFile; fileRef = 226D10BE187D396E000C9756 /* 23.jpg */; };
		226D10D8187D396E000C9756 /* 24.jpg in Resources */ = {isa = PBXBuildFile; fileRef = 226D10BF187D396E000C9756 /* 24.jpg */; };
		226D10D9187D396E000C9756 /* 25.jpg in Resources */ = {isa = PBXBuildFile; fileRef = 226D10C0187D396E000C9756 /* 25.jpg */; };
/* End PBXBuildFile section */

/* Begin PBXContainerItemProxy section */
		221B2F02187D299900F53686 /* PBXContainerItemProxy */ = {
			isa = PBXContainerItemProxy;
			containerPortal = 221B2ED4187D299900F53686 /* Project object */;
			proxyType = 1;
			remoteGlobalIDString = 221B2EDB187D299900F53686;
			remoteInfo = BlurredThumbCollectionViewExample;
		};
/* End PBXContainerItemProxy section */

/* Begin PBXFileReference section */
		221B2EDC187D299900F53686 /* BlurredThumbCollectionViewExample.app */ = {isa = PBXFileReference; explicitFileType = wrapper.application; includeInIndex = 0; path = BlurredThumbCollectionViewExample.app; sourceTree = BUILT_PRODUCTS_DIR; };
		221B2EDF187D299900F53686 /* Foundation.framework */ = {isa = PBXFileReference; lastKnownFileType = wrapper.framework; name = Foundation.framework; path = System/Library/Frameworks/Foundation.framework; sourceTree = SDKROOT; };
		221B2EE1187D299900F53686 /* CoreGraphics.framework */ = {isa = PBXFileReference; lastKnownFileType = wrapper.framework; name = CoreGraphics.framework; path = System/Library/Frameworks/CoreGraphics.framework; sourceTree = SDKROOT; };
		221B2EE3187D299900F53686 /* UIKit.framework */ = {isa = PBXFileReference; lastKnownFileType = wrapper.framework; name = UIKit.framework; path = System/Library/Frameworks/UIKit.framework; sourceTree = SDKROOT; };
		221B2EE7187D299900F53686 /* BlurredThumbCollectionViewExample-Info.plist */ = {isa = PBXFileReference; lastKnownFileType = text.plist.xml; path = "BlurredThumbCollectionViewExample-Info.plist"; sourceTree = "<group>"; };
		221B2EE9187D299900F53686 /* en */ = {isa = PBXFileReference; lastKnownFileType = text.plist.strings; name = en; path = en.lproj/InfoPlist.strings; sourceTree = "<group>"; };
		221B2EEB187D299900F53686 /* main.m */ = {isa = PBXFileReference; lastKnownFileType = sourcecode.c.objc; path = main.m; sourceTree = "<group>"; };
		221B2EED187D299900F53686 /* BlurredThumbCollectionViewExample-Prefix.pch */ = {isa = PBXFileReference; lastKnownFileType = sourcecode.c.h; path = "BlurredThumbCollectionViewExample-Prefix.pch"; sourceTree = "<group>"; };
		221B2EEE187D299900F53686 /* AppDelegate.h */ = {isa = PBXFileReference; lastKnownFileType = sourcecode.c.h; path = AppDelegate.h; sourceTree = "<group>"; };
		221B2EEF187D299900F53686 /* AppDelegate.m */ = {isa = PBXFileReference; lastKnownFileType = sourcecode.c.objc; path = AppDelegate.m; sourceTree = "<group>"; };
		221B2EF2187D299900F53686 /* Base */ = {isa = PBXFileReference; lastKnownFileType = file.storyboard; name = Base; path = Base.lproj/Main.storyboard; sourceTree = "<group>"; };
		221B2EF4187D299900F53686 /* ViewController.h */ = {isa = PBXFileReference; lastKnownFileType = sourcecode.c.h; path = ViewController.h; sourceTree = "<group>"; };
		221B2EF5187D299900F53686 /* ViewController.m */ = {isa = PBXFileReference; lastKnownFileType = sourcecode.c.objc; path = ViewController.m; sourceTree = "<group>"; };
		221B2EF7187D299900F53686 /* Images.xcassets */ = {isa = PBXFileReference; lastKnownFileType = folder.assetcatalog; path = Images.xcassets; sourceTree = "<group>"; };
		221B2EFD187D299900F53686 /* BlurredThumbCollectionViewExampleTests.xctest */ = {isa = PBXFileReference; explicitFileType = wrapper.cfbundle; includeInIndex = 0; path = BlurredThumbCollectionViewExampleTests.xctest; sourceTree = BUILT_PRODUCTS_DIR; };
		221B2EFE187D299900F53686 /* XCTest.framework */ = {isa = PBXFileReference; lastKnownFileType = wrapper.framework; name = XCTest.framework; path = Library/Frameworks/XCTest.framework; sourceTree = DEVELOPER_DIR; };
		221FEF72187E00590099D405 /* bg.png */ = {isa = PBXFileReference; lastKnownFileType = image.png; path = bg.png; sourceTree = "<group>"; };
		226D0FDD187D333D000C9756 /* UIImage+ImageEffects.h */ = {isa = PBXFileReference; fileEncoding = 4; lastKnownFileType = sourcecode.c.h; path = "UIImage+ImageEffects.h"; sourceTree = "<group>"; };
		226D0FDE187D333D000C9756 /* UIImage+ImageEffects.m */ = {isa = PBXFileReference; fileEncoding = 4; lastKnownFileType = sourcecode.c.objc; path = "UIImage+ImageEffects.m"; sourceTree = "<group>"; };
		226D10A8187D396E000C9756 /* 1.jpg */ = {isa = PBXFileReference; lastKnownFileType = image.jpeg; path = 1.jpg; sourceTree = "<group>"; };
		226D10A9187D396E000C9756 /* 2.jpg */ = {isa = PBXFileReference; lastKnownFileType = image.jpeg; path = 2.jpg; sourceTree = "<group>"; };
		226D10AA187D396E000C9756 /* 3.jpg */ = {isa = PBXFileReference; lastKnownFileType = image.jpeg; path = 3.jpg; sourceTree = "<group>"; };
		226D10AB187D396E000C9756 /* 4.jpg */ = {isa = PBXFileReference; lastKnownFileType = image.jpeg; path = 4.jpg; sourceTree = "<group>"; };
		226D10AC187D396E000C9756 /* 5.jpg */ = {isa = PBXFileReference; lastKnownFileType = image.jpeg; path = 5.jpg; sourceTree = "<group>"; };
		226D10AD187D396E000C9756 /* 6.jpg */ = {isa = PBXFileReference; lastKnownFileType = image.jpeg; path = 6.jpg; sourceTree = "<group>"; };
		226D10AE187D396E000C9756 /* 7.jpg */ = {isa = PBXFileReference; lastKnownFileType = image.jpeg; path = 7.jpg; sourceTree = "<group>"; };
		226D10AF187D396E000C9756 /* 8.jpg */ = {isa = PBXFileReference; lastKnownFileType = image.jpeg; path = 8.jpg; sourceTree = "<group>"; };
		226D10B0187D396E000C9756 /* 9.jpg */ = {isa = PBXFileReference; lastKnownFileType = image.jpeg; path = 9.jpg; sourceTree = "<group>"; };
		226D10B1187D396E000C9756 /* 10.jpg */ = {isa = PBXFileReference; lastKnownFileType = image.jpeg; path = 10.jpg; sourceTree = "<group>"; };
		226D10B2187D396E000C9756 /* 11.jpg */ = {isa = PBXFileReference; lastKnownFileType = image.jpeg; path = 11.jpg; sourceTree = "<group>"; };
		226D10B3187D396E000C9756 /* 12.jpg */ = {isa = PBXFileReference; lastKnownFileType = image.jpeg; path = 12.jpg; sourceTree = "<group>"; };
		226D10B4187D396E000C9756 /* 13.jpg */ = {isa = PBXFileReference; lastKnownFileType = image.jpeg; path = 13.jpg; sourceTree = "<group>"; };
		226D10B5187D396E000C9756 /* 14.jpg */ = {isa = PBXFileReference; lastKnownFileType = image.jpeg; path = 14.jpg; sourceTree = "<group>"; };
		226D10B6187D396E000C9756 /* 15.jpg */ = {isa = PBXFileReference; lastKnownFileType = image.jpeg; path = 15.jpg; sourceTree = "<group>"; };
		226D10B7187D396E000C9756 /* 16.jpg */ = {isa = PBXFileReference; lastKnownFileType = image.jpeg; path = 16.jpg; sourceTree = "<group>"; };
		226D10B8187D396E000C9756 /* 17.jpg */ = {isa = PBXFileReference; lastKnownFileType = image.jpeg; path = 17.jpg; sourceTree = "<group>"; };
		226D10B9187D396E000C9756 /* 18.jpg */ = {isa = PBXFileReference; lastKnownFileType = image.jpeg; path = 18.jpg; sourceTree = "<group>"; };
		226D10BA187D396E000C9756 /* 19.jpg */ = {isa = PBXFileReference; lastKnownFileType = image.jpeg; path = 19.jpg; sourceTree = "<group>"; };
		226D10BB187D396E000C9756 /* 20.jpg */ = {isa = PBXFileReference; lastKnownFileType = image.jpeg; path = 20.jpg; sourceTree = "<group>"; };
		226D10BC187D396E000C9756 /* 21.jpg */ = {isa = PBXFileReference; lastKnownFileType = image.jpeg; path = 21.jpg; sourceTree = "<group>"; };
		226D10BD187D396E000C9756 /* 22.jpg */ = {isa = PBXFileReference; lastKnownFileType = image.jpeg; path = 22.jpg; sourceTree = "<group>"; };
		226D10BE187D396E000C9756 /* 23.jpg */ = {isa = PBXFileReference; lastKnownFileType = image.jpeg; path = 23.jpg; sourceTree = "<group>"; };
		226D10BF187D396E000C9756 /* 24.jpg */ = {isa = PBXFileReference; lastKnownFileType = image.jpeg; path = 24.jpg; sourceTree = "<group>"; };
		226D10C0187D396E000C9756 /* 25.jpg */ = {isa = PBXFileReference; lastKnownFileType = image.jpeg; path = 25.jpg; sourceTree = "<group>"; };
/* End PBXFileReference section */

/* Begin PBXFrameworksBuildPhase section */
		221B2ED9187D299900F53686 /* Frameworks */ = {
			isa = PBXFrameworksBuildPhase;
			buildActionMask = 2147483647;
			files = (
				221B2EE2187D299900F53686 /* CoreGraphics.framework in Frameworks */,
				221B2EE4187D299900F53686 /* UIKit.framework in Frameworks */,
				221B2EE0187D299900F53686 /* Foundation.framework in Frameworks */,
			);
			runOnlyForDeploymentPostprocessing = 0;
		};
		221B2EFA187D299900F53686 /* Frameworks */ = {
			isa = PBXFrameworksBuildPhase;
			buildActionMask = 2147483647;
			files = (
				221B2EFF187D299900F53686 /* XCTest.framework in Frameworks */,
				221B2F01187D299900F53686 /* UIKit.framework in Frameworks */,
				221B2F00187D299900F53686 /* Foundation.framework in Frameworks */,
			);
			runOnlyForDeploymentPostprocessing = 0;
		};
/* End PBXFrameworksBuildPhase section */

/* Begin PBXGroup section */
		221B2ED3187D299900F53686 = {
			isa = PBXGroup;
			children = (
				221B2EE5187D299900F53686 /* BlurredThumbCollectionViewExample */,
				221B2EDE187D299900F53686 /* Frameworks */,
				221B2EDD187D299900F53686 /* Products */,
			);
			sourceTree = "<group>";
		};
		221B2EDD187D299900F53686 /* Products */ = {
			isa = PBXGroup;
			children = (
				221B2EDC187D299900F53686 /* BlurredThumbCollectionViewExample.app */,
				221B2EFD187D299900F53686 /* BlurredThumbCollectionViewExampleTests.xctest */,
			);
			name = Products;
			sourceTree = "<group>";
		};
		221B2EDE187D299900F53686 /* Frameworks */ = {
			isa = PBXGroup;
			children = (
				221B2EDF187D299900F53686 /* Foundation.framework */,
				221B2EE1187D299900F53686 /* CoreGraphics.framework */,
				221B2EE3187D299900F53686 /* UIKit.framework */,
				221B2EFE187D299900F53686 /* XCTest.framework */,
			);
			name = Frameworks;
			sourceTree = "<group>";
		};
		221B2EE5187D299900F53686 /* BlurredThumbCollectionViewExample */ = {
			isa = PBXGroup;
			children = (
				226D10A8187D396E000C9756 /* 1.jpg */,
				226D10B1187D396E000C9756 /* 10.jpg */,
				226D10B2187D396E000C9756 /* 11.jpg */,
				226D10B3187D396E000C9756 /* 12.jpg */,
				226D10B4187D396E000C9756 /* 13.jpg */,
				226D10B5187D396E000C9756 /* 14.jpg */,
				226D10B6187D396E000C9756 /* 15.jpg */,
				226D10B7187D396E000C9756 /* 16.jpg */,
				226D10B8187D396E000C9756 /* 17.jpg */,
				226D10B9187D396E000C9756 /* 18.jpg */,
				226D10BA187D396E000C9756 /* 19.jpg */,
				226D10A9187D396E000C9756 /* 2.jpg */,
				226D10BB187D396E000C9756 /* 20.jpg */,
				226D10BC187D396E000C9756 /* 21.jpg */,
				226D10BD187D396E000C9756 /* 22.jpg */,
				226D10BE187D396E000C9756 /* 23.jpg */,
				226D10BF187D396E000C9756 /* 24.jpg */,
				226D10C0187D396E000C9756 /* 25.jpg */,
				226D10AA187D396E000C9756 /* 3.jpg */,
				226D10AB187D396E000C9756 /* 4.jpg */,
				226D10AC187D396E000C9756 /* 5.jpg */,
				226D10AD187D396E000C9756 /* 6.jpg */,
				226D10AE187D396E000C9756 /* 7.jpg */,
				226D10AF187D396E000C9756 /* 8.jpg */,
				226D10B0187D396E000C9756 /* 9.jpg */,
				221B2EEE187D299900F53686 /* AppDelegate.h */,
				221B2EEF187D299900F53686 /* AppDelegate.m */,
				221B2EF7187D299900F53686 /* Images.xcassets */,
				221B2EF1187D299900F53686 /* Main.storyboard */,
				221B2EE6187D299900F53686 /* Supporting Files */,
				226D0FDD187D333D000C9756 /* UIImage+ImageEffects.h */,
				226D0FDE187D333D000C9756 /* UIImage+ImageEffects.m */,
				221B2EF4187D299900F53686 /* ViewController.h */,
				221B2EF5187D299900F53686 /* ViewController.m */,
				221FEF72187E00590099D405 /* bg.png */,
			);
			path = BlurredThumbCollectionViewExample;
			sourceTree = "<group>";
		};
		221B2EE6187D299900F53686 /* Supporting Files */ = {
			isa = PBXGroup;
			children = (
				221B2EE7187D299900F53686 /* BlurredThumbCollectionViewExample-Info.plist */,
				221B2EE8187D299900F53686 /* InfoPlist.strings */,
				221B2EEB187D299900F53686 /* main.m */,
				221B2EED187D299900F53686 /* BlurredThumbCollectionViewExample-Prefix.pch */,
			);
			name = "Supporting Files";
			sourceTree = "<group>";
		};
/* End PBXGroup section */

/* Begin PBXNativeTarget section */
		221B2EDB187D299900F53686 /* BlurredThumbCollectionViewExample */ = {
			isa = PBXNativeTarget;
			buildConfigurationList = 221B2F0E187D299900F53686 /* Build configuration list for PBXNativeTarget "BlurredThumbCollectionViewExample" */;
			buildPhases = (
				221B2ED8187D299900F53686 /* Sources */,
				221B2ED9187D299900F53686 /* Frameworks */,
				221B2EDA187D299900F53686 /* Resources */,
			);
			buildRules = (
			);
			dependencies = (
			);
			name = BlurredThumbCollectionViewExample;
			productName = BlurredThumbCollectionViewExample;
			productReference = 221B2EDC187D299900F53686 /* BlurredThumbCollectionViewExample.app */;
			productType = "com.apple.product-type.application";
		};
		221B2EFC187D299900F53686 /* BlurredThumbCollectionViewExampleTests */ = {
			isa = PBXNativeTarget;
			buildConfigurationList = 221B2F11187D299900F53686 /* Build configuration list for PBXNativeTarget "BlurredThumbCollectionViewExampleTests" */;
			buildPhases = (
				221B2EF9187D299900F53686 /* Sources */,
				221B2EFA187D299900F53686 /* Frameworks */,
				221B2EFB187D299900F53686 /* Resources */,
			);
			buildRules = (
			);
			dependencies = (
				221B2F03187D299900F53686 /* PBXTargetDependency */,
			);
			name = BlurredThumbCollectionViewExampleTests;
			productName = BlurredThumbCollectionViewExampleTests;
			productReference = 221B2EFD187D299900F53686 /* BlurredThumbCollectionViewExampleTests.xctest */;
			productType = "com.apple.product-type.bundle.unit-test";
		};
/* End PBXNativeTarget section */

/* Begin PBXProject section */
		221B2ED4187D299900F53686 /* Project object */ = {
			isa = PBXProject;
			attributes = {
				LastUpgradeCheck = 0500;
				ORGANIZATIONNAME = "Josh Puckett";
				TargetAttributes = {
					221B2EFC187D299900F53686 = {
						TestTargetID = 221B2EDB187D299900F53686;
					};
				};
			};
			buildConfigurationList = 221B2ED7187D299900F53686 /* Build configuration list for PBXProject "BlurredThumbCollectionViewExample" */;
			compatibilityVersion = "Xcode 3.2";
			developmentRegion = English;
			hasScannedForEncodings = 0;
			knownRegions = (
				en,
				Base,
			);
			mainGroup = 221B2ED3187D299900F53686;
			productRefGroup = 221B2EDD187D299900F53686 /* Products */;
			projectDirPath = "";
			projectRoot = "";
			targets = (
				221B2EDB187D299900F53686 /* BlurredThumbCollectionViewExample */,
				221B2EFC187D299900F53686 /* BlurredThumbCollectionViewExampleTests */,
			);
		};
/* End PBXProject section */

/* Begin PBXResourcesBuildPhase section */
		221B2EDA187D299900F53686 /* Resources */ = {
			isa = PBXResourcesBuildPhase;
			buildActionMask = 2147483647;
			files = (
				226D10D7187D396E000C9756 /* 23.jpg in Resources */,
				226D10CA187D396E000C9756 /* 10.jpg in Resources */,
				226D10C8187D396E000C9756 /* 8.jpg in Resources */,
				226D10D4187D396E000C9756 /* 20.jpg in Resources */,
				226D10C6187D396E000C9756 /* 6.jpg in Resources */,
				221B2EF8187D299900F53686 /* Images.xcassets in Resources */,
				226D10C5187D396E000C9756 /* 5.jpg in Resources */,
				226D10D2187D396E000C9756 /* 18.jpg in Resources */,
				226D10D1187D396E000C9756 /* 17.jpg in Resources */,
				226D10CC187D396E000C9756 /* 12.jpg in Resources */,
				226D10CB187D396E000C9756 /* 11.jpg in Resources */,
				226D10D6187D396E000C9756 /* 22.jpg in Resources */,
				226D10D3187D396E000C9756 /* 19.jpg in Resources */,
				226D10C4187D396E000C9756 /* 4.jpg in Resources */,
				226D10CE187D396E000C9756 /* 14.jpg in Resources */,
				226D10C1187D396E000C9756 /* 1.jpg in Resources */,
				226D10CD187D396E000C9756 /* 13.jpg in Resources */,
				226D10C2187D396E000C9756 /* 2.jpg in Resources */,
				226D10D5187D396E000C9756 /* 21.jpg in Resources */,
				226D10C3187D396E000C9756 /* 3.jpg in Resources */,
				226D10D9187D396E000C9756 /* 25.jpg in Resources */,
				226D10C7187D396E000C9756 /* 7.jpg in Resources */,
				221FEF73187E00590099D405 /* bg.png in Resources */,
				226D10C9187D396E000C9756 /* 9.jpg in Resources */,
				226D10D8187D396E000C9756 /* 24.jpg in Resources */,
				221B2EEA187D299900F53686 /* InfoPlist.strings in Resources */,
				226D10D0187D396E000C9756 /* 16.jpg in Resources */,
				221B2EF3187D299900F53686 /* Main.storyboard in Resources */,
				226D10CF187D396E000C9756 /* 15.jpg in Resources */,
			);
			runOnlyForDeploymentPostprocessing = 0;
		};
		221B2EFB187D299900F53686 /* Resources */ = {
			isa = PBXResourcesBuildPhase;
			buildActionMask = 2147483647;
			files = (
			);
			runOnlyForDeploymentPostprocessing = 0;
		};
/* End PBXResourcesBuildPhase section */

/* Begin PBXSourcesBuildPhase section */
		221B2ED8187D299900F53686 /* Sources */ = {
			isa = PBXSourcesBuildPhase;
			buildActionMask = 2147483647;
			files = (
				226D0FDF187D333D000C9756 /* UIImage+ImageEffects.m in Sources */,
				221B2EF6187D299900F53686 /* ViewController.m in Sources */,
				221B2EF0187D299900F53686 /* AppDelegate.m in Sources */,
				221B2EEC187D299900F53686 /* main.m in Sources */,
			);
			runOnlyForDeploymentPostprocessing = 0;
		};
		221B2EF9187D299900F53686 /* Sources */ = {
			isa = PBXSourcesBuildPhase;
			buildActionMask = 2147483647;
			files = (
			);
			runOnlyForDeploymentPostprocessing = 0;
		};
/* End PBXSourcesBuildPhase section */

/* Begin PBXTargetDependency section */
		221B2F03187D299900F53686 /* PBXTargetDependency */ = {
			isa = PBXTargetDependency;
			target = 221B2EDB187D299900F53686 /* BlurredThumbCollectionViewExample */;
			targetProxy = 221B2F02187D299900F53686 /* PBXContainerItemProxy */;
		};
/* End PBXTargetDependency section */

/* Begin PBXVariantGroup section */
		221B2EE8187D299900F53686 /* InfoPlist.strings */ = {
			isa = PBXVariantGroup;
			children = (
				221B2EE9187D299900F53686 /* en */,
			);
			name = InfoPlist.strings;
			sourceTree = "<group>";
		};
		221B2EF1187D299900F53686 /* Main.storyboard */ = {
			isa = PBXVariantGroup;
			children = (
				221B2EF2187D299900F53686 /* Base */,
			);
			name = Main.storyboard;
			sourceTree = "<group>";
		};
/* End PBXVariantGroup section */

/* Begin XCBuildConfiguration section */
		221B2F0C187D299900F53686 /* Debug */ = {
			isa = XCBuildConfiguration;
			buildSettings = {
				ALWAYS_SEARCH_USER_PATHS = NO;
				ARCHS = "$(ARCHS_STANDARD_INCLUDING_64_BIT)";
				CLANG_CXX_LANGUAGE_STANDARD = "gnu++0x";
				CLANG_CXX_LIBRARY = "libc++";
				CLANG_ENABLE_MODULES = YES;
				CLANG_ENABLE_OBJC_ARC = YES;
				CLANG_WARN_BOOL_CONVERSION = YES;
				CLANG_WARN_CONSTANT_CONVERSION = YES;
				CLANG_WARN_DIRECT_OBJC_ISA_USAGE = YES_ERROR;
				CLANG_WARN_EMPTY_BODY = YES;
				CLANG_WARN_ENUM_CONVERSION = YES;
				CLANG_WARN_INT_CONVERSION = YES;
				CLANG_WARN_OBJC_ROOT_CLASS = YES_ERROR;
				CLANG_WARN__DUPLICATE_METHOD_MATCH = YES;
				"CODE_SIGN_IDENTITY[sdk=iphoneos*]" = "iPhone Developer";
				COPY_PHASE_STRIP = NO;
				GCC_C_LANGUAGE_STANDARD = gnu99;
				GCC_DYNAMIC_NO_PIC = NO;
				GCC_OPTIMIZATION_LEVEL = 0;
				GCC_PREPROCESSOR_DEFINITIONS = (
					"DEBUG=1",
					"$(inherited)",
				);
				GCC_SYMBOLS_PRIVATE_EXTERN = NO;
				GCC_WARN_64_TO_32_BIT_CONVERSION = YES;
				GCC_WARN_ABOUT_RETURN_TYPE = YES_ERROR;
				GCC_WARN_UNDECLARED_SELECTOR = YES;
				GCC_WARN_UNINITIALIZED_AUTOS = YES;
				GCC_WARN_UNUSED_FUNCTION = YES;
				GCC_WARN_UNUSED_VARIABLE = YES;
				IPHONEOS_DEPLOYMENT_TARGET = 7.0;
				ONLY_ACTIVE_ARCH = YES;
				SDKROOT = iphoneos;
				TARGETED_DEVICE_FAMILY = 2;
			};
			name = Debug;
		};
		221B2F0D187D299900F53686 /* Release */ = {
			isa = XCBuildConfiguration;
			buildSettings = {
				ALWAYS_SEARCH_USER_PATHS = NO;
				ARCHS = "$(ARCHS_STANDARD_INCLUDING_64_BIT)";
				CLANG_CXX_LANGUAGE_STANDARD = "gnu++0x";
				CLANG_CXX_LIBRARY = "libc++";
				CLANG_ENABLE_MODULES = YES;
				CLANG_ENABLE_OBJC_ARC = YES;
				CLANG_WARN_BOOL_CONVERSION = YES;
				CLANG_WARN_CONSTANT_CONVERSION = YES;
				CLANG_WARN_DIRECT_OBJC_ISA_USAGE = YES_ERROR;
				CLANG_WARN_EMPTY_BODY = YES;
				CLANG_WARN_ENUM_CONVERSION = YES;
				CLANG_WARN_INT_CONVERSION = YES;
				CLANG_WARN_OBJC_ROOT_CLASS = YES_ERROR;
				CLANG_WARN__DUPLICATE_METHOD_MATCH = YES;
				"CODE_SIGN_IDENTITY[sdk=iphoneos*]" = "iPhone Developer";
				COPY_PHASE_STRIP = YES;
				ENABLE_NS_ASSERTIONS = NO;
				GCC_C_LANGUAGE_STANDARD = gnu99;
				GCC_WARN_64_TO_32_BIT_CONVERSION = YES;
				GCC_WARN_ABOUT_RETURN_TYPE = YES_ERROR;
				GCC_WARN_UNDECLARED_SELECTOR = YES;
				GCC_WARN_UNINITIALIZED_AUTOS = YES;
				GCC_WARN_UNUSED_FUNCTION = YES;
				GCC_WARN_UNUSED_VARIABLE = YES;
				IPHONEOS_DEPLOYMENT_TARGET = 7.0;
				SDKROOT = iphoneos;
				TARGETED_DEVICE_FAMILY = 2;
				VALIDATE_PRODUCT = YES;
			};
			name = Release;
		};
		221B2F0F187D299900F53686 /* Debug */ = {
			isa = XCBuildConfiguration;
			buildSettings = {
				ASSETCATALOG_COMPILER_APPICON_NAME = AppIcon;
				ASSETCATALOG_COMPILER_LAUNCHIMAGE_NAME = LaunchImage;
				GCC_PRECOMPILE_PREFIX_HEADER = YES;
				GCC_PREFIX_HEADER = "BlurredThumbCollectionViewExample/BlurredThumbCollectionViewExample-Prefix.pch";
				INFOPLIST_FILE = "BlurredThumbCollectionViewExample/BlurredThumbCollectionViewExample-Info.plist";
				PRODUCT_NAME = "$(TARGET_NAME)";
				WRAPPER_EXTENSION = app;
			};
			name = Debug;
		};
		221B2F10187D299900F53686 /* Release */ = {
			isa = XCBuildConfiguration;
			buildSettings = {
				ASSETCATALOG_COMPILER_APPICON_NAME = AppIcon;
				ASSETCATALOG_COMPILER_LAUNCHIMAGE_NAME = LaunchImage;
				GCC_PRECOMPILE_PREFIX_HEADER = YES;
				GCC_PREFIX_HEADER = "BlurredThumbCollectionViewExample/BlurredThumbCollectionViewExample-Prefix.pch";
				INFOPLIST_FILE = "BlurredThumbCollectionViewExample/BlurredThumbCollectionViewExample-Info.plist";
				PRODUCT_NAME = "$(TARGET_NAME)";
				WRAPPER_EXTENSION = app;
			};
			name = Release;
		};
		221B2F12187D299900F53686 /* Debug */ = {
			isa = XCBuildConfiguration;
			buildSettings = {
				ARCHS = "$(ARCHS_STANDARD_INCLUDING_64_BIT)";
				BUNDLE_LOADER = "$(BUILT_PRODUCTS_DIR)/BlurredThumbCollectionViewExample.app/BlurredThumbCollectionViewExample";
				FRAMEWORK_SEARCH_PATHS = (
					"$(SDKROOT)/Developer/Library/Frameworks",
					"$(inherited)",
					"$(DEVELOPER_FRAMEWORKS_DIR)",
				);
				GCC_PRECOMPILE_PREFIX_HEADER = YES;
				GCC_PREFIX_HEADER = "BlurredThumbCollectionViewExample/BlurredThumbCollectionViewExample-Prefix.pch";
				GCC_PREPROCESSOR_DEFINITIONS = (
					"DEBUG=1",
					"$(inherited)",
				);
				INFOPLIST_FILE = "BlurredThumbCollectionViewExampleTests/BlurredThumbCollectionViewExampleTests-Info.plist";
				PRODUCT_NAME = "$(TARGET_NAME)";
				TEST_HOST = "$(BUNDLE_LOADER)";
				WRAPPER_EXTENSION = xctest;
			};
			name = Debug;
		};
		221B2F13187D299900F53686 /* Release */ = {
			isa = XCBuildConfiguration;
			buildSettings = {
				ARCHS = "$(ARCHS_STANDARD_INCLUDING_64_BIT)";
				BUNDLE_LOADER = "$(BUILT_PRODUCTS_DIR)/BlurredThumbCollectionViewExample.app/BlurredThumbCollectionViewExample";
				FRAMEWORK_SEARCH_PATHS = (
					"$(SDKROOT)/Developer/Library/Frameworks",
					"$(inherited)",
					"$(DEVELOPER_FRAMEWORKS_DIR)",
				);
				GCC_PRECOMPILE_PREFIX_HEADER = YES;
				GCC_PREFIX_HEADER = "BlurredThumbCollectionViewExample/BlurredThumbCollectionViewExample-Prefix.pch";
				INFOPLIST_FILE = "BlurredThumbCollectionViewExampleTests/BlurredThumbCollectionViewExampleTests-Info.plist";
				PRODUCT_NAME = "$(TARGET_NAME)";
				TEST_HOST = "$(BUNDLE_LOADER)";
				WRAPPER_EXTENSION = xctest;
			};
			name = Release;
		};
/* End XCBuildConfiguration section */

/* Begin XCConfigurationList section */
		221B2ED7187D299900F53686 /* Build configuration list for PBXProject "BlurredThumbCollectionViewExample" */ = {
			isa = XCConfigurationList;
			buildConfigurations = (
				221B2F0C187D299900F53686 /* Debug */,
				221B2F0D187D299900F53686 /* Release */,
			);
			defaultConfigurationIsVisible = 0;
			defaultConfigurationName = Release;
		};
		221B2F0E187D299900F53686 /* Build configuration list for PBXNativeTarget "BlurredThumbCollectionViewExample" */ = {
			isa = XCConfigurationList;
			buildConfigurations = (
				221B2F0F187D299900F53686 /* Debug */,
				221B2F10187D299900F53686 /* Release */,
			);
			defaultConfigurationIsVisible = 0;
			defaultConfigurationName = Release;
		};
		221B2F11187D299900F53686 /* Build configuration list for PBXNativeTarget "BlurredThumbCollectionViewExampleTests" */ = {
			isa = XCConfigurationList;
			buildConfigurations = (
				221B2F12187D299900F53686 /* Debug */,
				221B2F13187D299900F53686 /* Release */,
			);
			defaultConfigurationIsVisible = 0;
			defaultConfigurationName = Release;
		};
/* End XCConfigurationList section */
	};
	rootObject = 221B2ED4187D299900F53686 /* Project object */;
}
